// !$*UTF8*$!
{
	archiveVersion = 1;
	classes = {
	};
	objectVersion = 51;
	objects = {

/* Begin PBXBuildFile section */
		2C6A7D1A67A0D91FDF9D4A32 /* Pods_Flix_FlixUITests.framework in Frameworks */ = {isa = PBXBuildFile; fileRef = 2B9931BB35C64592110CAC05 /* Pods_Flix_FlixUITests.framework */; };
		5E7729BCEB1C7CF677F5D885 /* Pods_Flix.framework in Frameworks */ = {isa = PBXBuildFile; fileRef = 29EB99B83344FE27ECB62962 /* Pods_Flix.framework */; };
		9AC0654CC53772EF528C099A /* Pods_FlixTests.framework in Frameworks */ = {isa = PBXBuildFile; fileRef = 0BFD0D371E3FE3CE0B9D0A68 /* Pods_FlixTests.framework */; };
		DD207C77251FD8E200E70FA1 /* MovieDetailsViewController.swift in Sources */ = {isa = PBXBuildFile; fileRef = DD207C76251FD8E200E70FA1 /* MovieDetailsViewController.swift */; };
		DD20F3C62516E56000B4D4F9 /* AppDelegate.swift in Sources */ = {isa = PBXBuildFile; fileRef = DD20F3C52516E56000B4D4F9 /* AppDelegate.swift */; };
		DD20F3C82516E56000B4D4F9 /* SceneDelegate.swift in Sources */ = {isa = PBXBuildFile; fileRef = DD20F3C72516E56000B4D4F9 /* SceneDelegate.swift */; };
		DD20F3CD2516E56000B4D4F9 /* Main.storyboard in Resources */ = {isa = PBXBuildFile; fileRef = DD20F3CB2516E56000B4D4F9 /* Main.storyboard */; };
		DD20F3CF2516E56200B4D4F9 /* Assets.xcassets in Resources */ = {isa = PBXBuildFile; fileRef = DD20F3CE2516E56200B4D4F9 /* Assets.xcassets */; };
		DD20F3D22516E56200B4D4F9 /* LaunchScreen.storyboard in Resources */ = {isa = PBXBuildFile; fileRef = DD20F3D02516E56200B4D4F9 /* LaunchScreen.storyboard */; };
		DD20F3DD2516E56200B4D4F9 /* FlixTests.swift in Sources */ = {isa = PBXBuildFile; fileRef = DD20F3DC2516E56200B4D4F9 /* FlixTests.swift */; };
		DD20F3E82516E56200B4D4F9 /* FlixUITests.swift in Sources */ = {isa = PBXBuildFile; fileRef = DD20F3E72516E56200B4D4F9 /* FlixUITests.swift */; };
		DD20F3F62516E97F00B4D4F9 /* MoviesViewController.swift in Sources */ = {isa = PBXBuildFile; fileRef = DD20F3F52516E97F00B4D4F9 /* MoviesViewController.swift */; };
		DD4C254B25229F2B005B677C /* MovieGridViewController.swift in Sources */ = {isa = PBXBuildFile; fileRef = DD4C254A25229F2B005B677C /* MovieGridViewController.swift */; };
		DD4C25502522A2CD005B677C /* MovieCell.swift in Sources */ = {isa = PBXBuildFile; fileRef = DD4C254F2522A2CD005B677C /* MovieCell.swift */; };
		DD4C25552522A38F005B677C /* MovieGridCell.swift in Sources */ = {isa = PBXBuildFile; fileRef = DD4C25542522A38F005B677C /* MovieGridCell.swift */; };
		DD4C25622522ADB4005B677C /* MovieGridDetailsViewController.swift in Sources */ = {isa = PBXBuildFile; fileRef = DD4C25612522ADB4005B677C /* MovieGridDetailsViewController.swift */; };
		DDBE78B12525ED600023ABFE /* MovieTrailerViewController.swift in Sources */ = {isa = PBXBuildFile; fileRef = DDBE78B02525ED600023ABFE /* MovieTrailerViewController.swift */; };
/* End PBXBuildFile section */

/* Begin PBXContainerItemProxy section */
		DD20F3D92516E56200B4D4F9 /* PBXContainerItemProxy */ = {
			isa = PBXContainerItemProxy;
			containerPortal = DD20F3BA2516E56000B4D4F9 /* Project object */;
			proxyType = 1;
			remoteGlobalIDString = DD20F3C12516E56000B4D4F9;
			remoteInfo = Flix;
		};
		DD20F3E42516E56200B4D4F9 /* PBXContainerItemProxy */ = {
			isa = PBXContainerItemProxy;
			containerPortal = DD20F3BA2516E56000B4D4F9 /* Project object */;
			proxyType = 1;
			remoteGlobalIDString = DD20F3C12516E56000B4D4F9;
			remoteInfo = Flix;
		};
/* End PBXContainerItemProxy section */

/* Begin PBXFileReference section */
		0BFD0D371E3FE3CE0B9D0A68 /* Pods_FlixTests.framework */ = {isa = PBXFileReference; explicitFileType = wrapper.framework; includeInIndex = 0; path = Pods_FlixTests.framework; sourceTree = BUILT_PRODUCTS_DIR; };
		2959123F300DEB49E516F10C /* Pods-Flix.debug.xcconfig */ = {isa = PBXFileReference; includeInIndex = 1; lastKnownFileType = text.xcconfig; name = "Pods-Flix.debug.xcconfig"; path = "Target Support Files/Pods-Flix/Pods-Flix.debug.xcconfig"; sourceTree = "<group>"; };
		29EB99B83344FE27ECB62962 /* Pods_Flix.framework */ = {isa = PBXFileReference; explicitFileType = wrapper.framework; includeInIndex = 0; path = Pods_Flix.framework; sourceTree = BUILT_PRODUCTS_DIR; };
		2B9931BB35C64592110CAC05 /* Pods_Flix_FlixUITests.framework */ = {isa = PBXFileReference; explicitFileType = wrapper.framework; includeInIndex = 0; path = Pods_Flix_FlixUITests.framework; sourceTree = BUILT_PRODUCTS_DIR; };
		301A7F8EB5B2F9C20BAE90F8 /* Pods-FlixTests.debug.xcconfig */ = {isa = PBXFileReference; includeInIndex = 1; lastKnownFileType = text.xcconfig; name = "Pods-FlixTests.debug.xcconfig"; path = "Target Support Files/Pods-FlixTests/Pods-FlixTests.debug.xcconfig"; sourceTree = "<group>"; };
		5EEDB028A57F411AD058E613 /* Pods-FlixTests.release.xcconfig */ = {isa = PBXFileReference; includeInIndex = 1; lastKnownFileType = text.xcconfig; name = "Pods-FlixTests.release.xcconfig"; path = "Target Support Files/Pods-FlixTests/Pods-FlixTests.release.xcconfig"; sourceTree = "<group>"; };
		65339CE65007EB7E2C0F6163 /* Pods-Flix-FlixUITests.debug.xcconfig */ = {isa = PBXFileReference; includeInIndex = 1; lastKnownFileType = text.xcconfig; name = "Pods-Flix-FlixUITests.debug.xcconfig"; path = "Target Support Files/Pods-Flix-FlixUITests/Pods-Flix-FlixUITests.debug.xcconfig"; sourceTree = "<group>"; };
		A1E2D127B39E6E67BBB0DCD5 /* Pods-Flix-FlixUITests.release.xcconfig */ = {isa = PBXFileReference; includeInIndex = 1; lastKnownFileType = text.xcconfig; name = "Pods-Flix-FlixUITests.release.xcconfig"; path = "Target Support Files/Pods-Flix-FlixUITests/Pods-Flix-FlixUITests.release.xcconfig"; sourceTree = "<group>"; };
		A85DB7AA5012C728AB8703F0 /* Pods-Flix.release.xcconfig */ = {isa = PBXFileReference; includeInIndex = 1; lastKnownFileType = text.xcconfig; name = "Pods-Flix.release.xcconfig"; path = "Target Support Files/Pods-Flix/Pods-Flix.release.xcconfig"; sourceTree = "<group>"; };
		DD207C76251FD8E200E70FA1 /* MovieDetailsViewController.swift */ = {isa = PBXFileReference; lastKnownFileType = sourcecode.swift; path = MovieDetailsViewController.swift; sourceTree = "<group>"; };
		DD20F3C22516E56000B4D4F9 /* Flix.app */ = {isa = PBXFileReference; explicitFileType = wrapper.application; includeInIndex = 0; path = Flix.app; sourceTree = BUILT_PRODUCTS_DIR; };
		DD20F3C52516E56000B4D4F9 /* AppDelegate.swift */ = {isa = PBXFileReference; lastKnownFileType = sourcecode.swift; path = AppDelegate.swift; sourceTree = "<group>"; };
		DD20F3C72516E56000B4D4F9 /* SceneDelegate.swift */ = {isa = PBXFileReference; lastKnownFileType = sourcecode.swift; path = SceneDelegate.swift; sourceTree = "<group>"; };
		DD20F3CC2516E56000B4D4F9 /* Base */ = {isa = PBXFileReference; lastKnownFileType = file.storyboard; name = Base; path = Base.lproj/Main.storyboard; sourceTree = "<group>"; };
		DD20F3CE2516E56200B4D4F9 /* Assets.xcassets */ = {isa = PBXFileReference; lastKnownFileType = folder.assetcatalog; path = Assets.xcassets; sourceTree = "<group>"; };
		DD20F3D12516E56200B4D4F9 /* Base */ = {isa = PBXFileReference; lastKnownFileType = file.storyboard; name = Base; path = Base.lproj/LaunchScreen.storyboard; sourceTree = "<group>"; };
		DD20F3D32516E56200B4D4F9 /* Info.plist */ = {isa = PBXFileReference; lastKnownFileType = text.plist.xml; path = Info.plist; sourceTree = "<group>"; };
		DD20F3D82516E56200B4D4F9 /* FlixTests.xctest */ = {isa = PBXFileReference; explicitFileType = wrapper.cfbundle; includeInIndex = 0; path = FlixTests.xctest; sourceTree = BUILT_PRODUCTS_DIR; };
		DD20F3DC2516E56200B4D4F9 /* FlixTests.swift */ = {isa = PBXFileReference; lastKnownFileType = sourcecode.swift; path = FlixTests.swift; sourceTree = "<group>"; };
		DD20F3DE2516E56200B4D4F9 /* Info.plist */ = {isa = PBXFileReference; lastKnownFileType = text.plist.xml; path = Info.plist; sourceTree = "<group>"; };
		DD20F3E32516E56200B4D4F9 /* FlixUITests.xctest */ = {isa = PBXFileReference; explicitFileType = wrapper.cfbundle; includeInIndex = 0; path = FlixUITests.xctest; sourceTree = BUILT_PRODUCTS_DIR; };
		DD20F3E72516E56200B4D4F9 /* FlixUITests.swift */ = {isa = PBXFileReference; lastKnownFileType = sourcecode.swift; path = FlixUITests.swift; sourceTree = "<group>"; };
		DD20F3E92516E56200B4D4F9 /* Info.plist */ = {isa = PBXFileReference; lastKnownFileType = text.plist.xml; path = Info.plist; sourceTree = "<group>"; };
		DD20F3F52516E97F00B4D4F9 /* MoviesViewController.swift */ = {isa = PBXFileReference; lastKnownFileType = sourcecode.swift; path = MoviesViewController.swift; sourceTree = "<group>"; };
		DD4C254A25229F2B005B677C /* MovieGridViewController.swift */ = {isa = PBXFileReference; lastKnownFileType = sourcecode.swift; path = MovieGridViewController.swift; sourceTree = "<group>"; };
		DD4C254F2522A2CD005B677C /* MovieCell.swift */ = {isa = PBXFileReference; lastKnownFileType = sourcecode.swift; path = MovieCell.swift; sourceTree = "<group>"; };
		DD4C25542522A38F005B677C /* MovieGridCell.swift */ = {isa = PBXFileReference; lastKnownFileType = sourcecode.swift; path = MovieGridCell.swift; sourceTree = "<group>"; };
		DD4C25612522ADB4005B677C /* MovieGridDetailsViewController.swift */ = {isa = PBXFileReference; lastKnownFileType = sourcecode.swift; path = MovieGridDetailsViewController.swift; sourceTree = "<group>"; };
		DDBE78B02525ED600023ABFE /* MovieTrailerViewController.swift */ = {isa = PBXFileReference; lastKnownFileType = sourcecode.swift; path = MovieTrailerViewController.swift; sourceTree = "<group>"; };
/* End PBXFileReference section */

/* Begin PBXFrameworksBuildPhase section */
		DD20F3BF2516E56000B4D4F9 /* Frameworks */ = {
			isa = PBXFrameworksBuildPhase;
			buildActionMask = 2147483647;
			files = (
				5E7729BCEB1C7CF677F5D885 /* Pods_Flix.framework in Frameworks */,
			);
			runOnlyForDeploymentPostprocessing = 0;
		};
		DD20F3D52516E56200B4D4F9 /* Frameworks */ = {
			isa = PBXFrameworksBuildPhase;
			buildActionMask = 2147483647;
			files = (
				9AC0654CC53772EF528C099A /* Pods_FlixTests.framework in Frameworks */,
			);
			runOnlyForDeploymentPostprocessing = 0;
		};
		DD20F3E02516E56200B4D4F9 /* Frameworks */ = {
			isa = PBXFrameworksBuildPhase;
			buildActionMask = 2147483647;
			files = (
				2C6A7D1A67A0D91FDF9D4A32 /* Pods_Flix_FlixUITests.framework in Frameworks */,
			);
			runOnlyForDeploymentPostprocessing = 0;
		};
/* End PBXFrameworksBuildPhase section */

/* Begin PBXGroup section */
		64F83A0DF3DE2DCC9167D33C /* Frameworks */ = {
			isa = PBXGroup;
			children = (
				29EB99B83344FE27ECB62962 /* Pods_Flix.framework */,
				2B9931BB35C64592110CAC05 /* Pods_Flix_FlixUITests.framework */,
				0BFD0D371E3FE3CE0B9D0A68 /* Pods_FlixTests.framework */,
			);
			name = Frameworks;
			sourceTree = "<group>";
		};
		DD207C882520E88D00E70FA1 /* Controllers */ = {
			isa = PBXGroup;
			children = (
				DD207C76251FD8E200E70FA1 /* MovieDetailsViewController.swift */,
				DD4C25612522ADB4005B677C /* MovieGridDetailsViewController.swift */,
				DD20F3F52516E97F00B4D4F9 /* MoviesViewController.swift */,
				DD4C254A25229F2B005B677C /* MovieGridViewController.swift */,
				DDBE78B02525ED600023ABFE /* MovieTrailerViewController.swift */,
			);
			path = Controllers;
			sourceTree = "<group>";
		};
		DD207C892520E8D400E70FA1 /* Cells */ = {
			isa = PBXGroup;
			children = (
				DD4C254F2522A2CD005B677C /* MovieCell.swift */,
				DD4C25542522A38F005B677C /* MovieGridCell.swift */,
			);
			path = Cells;
			sourceTree = "<group>";
		};
		DD207C8A2520E8DA00E70FA1 /* Storyboards */ = {
			isa = PBXGroup;
			children = (
				DD20F3D02516E56200B4D4F9 /* LaunchScreen.storyboard */,
				DD20F3CB2516E56000B4D4F9 /* Main.storyboard */,
			);
			path = Storyboards;
			sourceTree = "<group>";
		};
		DD20F3B92516E56000B4D4F9 = {
			isa = PBXGroup;
			children = (
				DD20F3C42516E56000B4D4F9 /* Flix */,
				DD20F3DB2516E56200B4D4F9 /* FlixTests */,
				DD20F3E62516E56200B4D4F9 /* FlixUITests */,
				DD20F3C32516E56000B4D4F9 /* Products */,
				FEB8596D797CA3B5EE9C4354 /* Pods */,
				64F83A0DF3DE2DCC9167D33C /* Frameworks */,
			);
			sourceTree = "<group>";
		};
		DD20F3C32516E56000B4D4F9 /* Products */ = {
			isa = PBXGroup;
			children = (
				DD20F3C22516E56000B4D4F9 /* Flix.app */,
				DD20F3D82516E56200B4D4F9 /* FlixTests.xctest */,
				DD20F3E32516E56200B4D4F9 /* FlixUITests.xctest */,
			);
			name = Products;
			sourceTree = "<group>";
		};
		DD20F3C42516E56000B4D4F9 /* Flix */ = {
			isa = PBXGroup;
			children = (
				DD207C8A2520E8DA00E70FA1 /* Storyboards */,
				DD207C892520E8D400E70FA1 /* Cells */,
				DD207C882520E88D00E70FA1 /* Controllers */,
				DD20F3C52516E56000B4D4F9 /* AppDelegate.swift */,
				DD20F3C72516E56000B4D4F9 /* SceneDelegate.swift */,
				DD20F3CE2516E56200B4D4F9 /* Assets.xcassets */,
				DD20F3D32516E56200B4D4F9 /* Info.plist */,
			);
			path = Flix;
			sourceTree = "<group>";
		};
		DD20F3DB2516E56200B4D4F9 /* FlixTests */ = {
			isa = PBXGroup;
			children = (
				DD20F3DC2516E56200B4D4F9 /* FlixTests.swift */,
				DD20F3DE2516E56200B4D4F9 /* Info.plist */,
			);
			path = FlixTests;
			sourceTree = "<group>";
		};
		DD20F3E62516E56200B4D4F9 /* FlixUITests */ = {
			isa = PBXGroup;
			children = (
				DD20F3E72516E56200B4D4F9 /* FlixUITests.swift */,
				DD20F3E92516E56200B4D4F9 /* Info.plist */,
			);
			path = FlixUITests;
			sourceTree = "<group>";
		};
		FEB8596D797CA3B5EE9C4354 /* Pods */ = {
			isa = PBXGroup;
			children = (
				2959123F300DEB49E516F10C /* Pods-Flix.debug.xcconfig */,
				A85DB7AA5012C728AB8703F0 /* Pods-Flix.release.xcconfig */,
				65339CE65007EB7E2C0F6163 /* Pods-Flix-FlixUITests.debug.xcconfig */,
				A1E2D127B39E6E67BBB0DCD5 /* Pods-Flix-FlixUITests.release.xcconfig */,
				301A7F8EB5B2F9C20BAE90F8 /* Pods-FlixTests.debug.xcconfig */,
				5EEDB028A57F411AD058E613 /* Pods-FlixTests.release.xcconfig */,
			);
			path = Pods;
			sourceTree = "<group>";
		};
/* End PBXGroup section */

/* Begin PBXNativeTarget section */
		DD20F3C12516E56000B4D4F9 /* Flix */ = {
			isa = PBXNativeTarget;
			buildConfigurationList = DD20F3EC2516E56200B4D4F9 /* Build configuration list for PBXNativeTarget "Flix" */;
			buildPhases = (
				9FEFEC05453E02F2CF67F7D6 /* [CP] Check Pods Manifest.lock */,
				DD20F3BE2516E56000B4D4F9 /* Sources */,
				DD20F3BF2516E56000B4D4F9 /* Frameworks */,
				DD20F3C02516E56000B4D4F9 /* Resources */,
				7887CD6DB1EA9414E0185F97 /* [CP] Embed Pods Frameworks */,
			);
			buildRules = (
			);
			dependencies = (
			);
			name = Flix;
			productName = Flix;
			productReference = DD20F3C22516E56000B4D4F9 /* Flix.app */;
			productType = "com.apple.product-type.application";
		};
		DD20F3D72516E56200B4D4F9 /* FlixTests */ = {
			isa = PBXNativeTarget;
			buildConfigurationList = DD20F3EF2516E56200B4D4F9 /* Build configuration list for PBXNativeTarget "FlixTests" */;
			buildPhases = (
				744B77CD5040D6250FA69823 /* [CP] Check Pods Manifest.lock */,
				DD20F3D42516E56200B4D4F9 /* Sources */,
				DD20F3D52516E56200B4D4F9 /* Frameworks */,
				DD20F3D62516E56200B4D4F9 /* Resources */,
			);
			buildRules = (
			);
			dependencies = (
				DD20F3DA2516E56200B4D4F9 /* PBXTargetDependency */,
			);
			name = FlixTests;
			productName = FlixTests;
			productReference = DD20F3D82516E56200B4D4F9 /* FlixTests.xctest */;
			productType = "com.apple.product-type.bundle.unit-test";
		};
		DD20F3E22516E56200B4D4F9 /* FlixUITests */ = {
			isa = PBXNativeTarget;
			buildConfigurationList = DD20F3F22516E56200B4D4F9 /* Build configuration list for PBXNativeTarget "FlixUITests" */;
			buildPhases = (
				9AA607425EE26A34471257A9 /* [CP] Check Pods Manifest.lock */,
				DD20F3DF2516E56200B4D4F9 /* Sources */,
				DD20F3E02516E56200B4D4F9 /* Frameworks */,
				DD20F3E12516E56200B4D4F9 /* Resources */,
				7F2ED92CD25FF3BD2B19538D /* [CP] Embed Pods Frameworks */,
			);
			buildRules = (
			);
			dependencies = (
				DD20F3E52516E56200B4D4F9 /* PBXTargetDependency */,
			);
			name = FlixUITests;
			productName = FlixUITests;
			productReference = DD20F3E32516E56200B4D4F9 /* FlixUITests.xctest */;
			productType = "com.apple.product-type.bundle.ui-testing";
		};
/* End PBXNativeTarget section */

/* Begin PBXProject section */
		DD20F3BA2516E56000B4D4F9 /* Project object */ = {
			isa = PBXProject;
			attributes = {
				LastSwiftUpdateCheck = 1160;
				LastUpgradeCheck = 1200;
				ORGANIZATIONNAME = "Jasmyne Roberts";
				TargetAttributes = {
					DD20F3C12516E56000B4D4F9 = {
						CreatedOnToolsVersion = 11.6;
					};
					DD20F3D72516E56200B4D4F9 = {
						CreatedOnToolsVersion = 11.6;
						TestTargetID = DD20F3C12516E56000B4D4F9;
					};
					DD20F3E22516E56200B4D4F9 = {
						CreatedOnToolsVersion = 11.6;
						TestTargetID = DD20F3C12516E56000B4D4F9;
					};
				};
			};
			buildConfigurationList = DD20F3BD2516E56000B4D4F9 /* Build configuration list for PBXProject "Flix" */;
			compatibilityVersion = "Xcode 9.3";
			developmentRegion = en;
			hasScannedForEncodings = 0;
			knownRegions = (
				en,
				Base,
			);
			mainGroup = DD20F3B92516E56000B4D4F9;
			productRefGroup = DD20F3C32516E56000B4D4F9 /* Products */;
			projectDirPath = "";
			projectRoot = "";
			targets = (
				DD20F3C12516E56000B4D4F9 /* Flix */,
				DD20F3D72516E56200B4D4F9 /* FlixTests */,
				DD20F3E22516E56200B4D4F9 /* FlixUITests */,
			);
		};
/* End PBXProject section */

/* Begin PBXResourcesBuildPhase section */
		DD20F3C02516E56000B4D4F9 /* Resources */ = {
			isa = PBXResourcesBuildPhase;
			buildActionMask = 2147483647;
			files = (
				DD20F3D22516E56200B4D4F9 /* LaunchScreen.storyboard in Resources */,
				DD20F3CF2516E56200B4D4F9 /* Assets.xcassets in Resources */,
				DD20F3CD2516E56000B4D4F9 /* Main.storyboard in Resources */,
			);
			runOnlyForDeploymentPostprocessing = 0;
		};
		DD20F3D62516E56200B4D4F9 /* Resources */ = {
			isa = PBXResourcesBuildPhase;
			buildActionMask = 2147483647;
			files = (
			);
			runOnlyForDeploymentPostprocessing = 0;
		};
		DD20F3E12516E56200B4D4F9 /* Resources */ = {
			isa = PBXResourcesBuildPhase;
			buildActionMask = 2147483647;
			files = (
			);
			runOnlyForDeploymentPostprocessing = 0;
		};
/* End PBXResourcesBuildPhase section */

/* Begin PBXShellScriptBuildPhase section */
		744B77CD5040D6250FA69823 /* [CP] Check Pods Manifest.lock */ = {
			isa = PBXShellScriptBuildPhase;
			buildActionMask = 2147483647;
			files = (
			);
			inputFileListPaths = (
			);
			inputPaths = (
				"${PODS_PODFILE_DIR_PATH}/Podfile.lock",
				"${PODS_ROOT}/Manifest.lock",
			);
			name = "[CP] Check Pods Manifest.lock";
			outputFileListPaths = (
			);
			outputPaths = (
				"$(DERIVED_FILE_DIR)/Pods-FlixTests-checkManifestLockResult.txt",
			);
			runOnlyForDeploymentPostprocessing = 0;
			shellPath = /bin/sh;
			shellScript = "diff \"${PODS_PODFILE_DIR_PATH}/Podfile.lock\" \"${PODS_ROOT}/Manifest.lock\" > /dev/null\nif [ $? != 0 ] ; then\n    # print error to STDERR\n    echo \"error: The sandbox is not in sync with the Podfile.lock. Run 'pod install' or update your CocoaPods installation.\" >&2\n    exit 1\nfi\n# This output is used by Xcode 'outputs' to avoid re-running this script phase.\necho \"SUCCESS\" > \"${SCRIPT_OUTPUT_FILE_0}\"\n";
			showEnvVarsInLog = 0;
		};
		7887CD6DB1EA9414E0185F97 /* [CP] Embed Pods Frameworks */ = {
			isa = PBXShellScriptBuildPhase;
			buildActionMask = 2147483647;
			files = (
			);
			inputFileListPaths = (
				"${PODS_ROOT}/Target Support Files/Pods-Flix/Pods-Flix-frameworks-${CONFIGURATION}-input-files.xcfilelist",
			);
			name = "[CP] Embed Pods Frameworks";
			outputFileListPaths = (
				"${PODS_ROOT}/Target Support Files/Pods-Flix/Pods-Flix-frameworks-${CONFIGURATION}-output-files.xcfilelist",
			);
			runOnlyForDeploymentPostprocessing = 0;
			shellPath = /bin/sh;
			shellScript = "\"${PODS_ROOT}/Target Support Files/Pods-Flix/Pods-Flix-frameworks.sh\"\n";
			showEnvVarsInLog = 0;
		};
		7F2ED92CD25FF3BD2B19538D /* [CP] Embed Pods Frameworks */ = {
			isa = PBXShellScriptBuildPhase;
			buildActionMask = 2147483647;
			files = (
			);
			inputFileListPaths = (
				"${PODS_ROOT}/Target Support Files/Pods-Flix-FlixUITests/Pods-Flix-FlixUITests-frameworks-${CONFIGURATION}-input-files.xcfilelist",
			);
			name = "[CP] Embed Pods Frameworks";
			outputFileListPaths = (
				"${PODS_ROOT}/Target Support Files/Pods-Flix-FlixUITests/Pods-Flix-FlixUITests-frameworks-${CONFIGURATION}-output-files.xcfilelist",
			);
			runOnlyForDeploymentPostprocessing = 0;
			shellPath = /bin/sh;
			shellScript = "\"${PODS_ROOT}/Target Support Files/Pods-Flix-FlixUITests/Pods-Flix-FlixUITests-frameworks.sh\"\n";
			showEnvVarsInLog = 0;
		};
		9AA607425EE26A34471257A9 /* [CP] Check Pods Manifest.lock */ = {
			isa = PBXShellScriptBuildPhase;
			buildActionMask = 2147483647;
			files = (
			);
			inputFileListPaths = (
			);
			inputPaths = (
				"${PODS_PODFILE_DIR_PATH}/Podfile.lock",
				"${PODS_ROOT}/Manifest.lock",
			);
			name = "[CP] Check Pods Manifest.lock";
			outputFileListPaths = (
			);
			outputPaths = (
				"$(DERIVED_FILE_DIR)/Pods-Flix-FlixUITests-checkManifestLockResult.txt",
			);
			runOnlyForDeploymentPostprocessing = 0;
			shellPath = /bin/sh;
			shellScript = "diff \"${PODS_PODFILE_DIR_PATH}/Podfile.lock\" \"${PODS_ROOT}/Manifest.lock\" > /dev/null\nif [ $? != 0 ] ; then\n    # print error to STDERR\n    echo \"error: The sandbox is not in sync with the Podfile.lock. Run 'pod install' or update your CocoaPods installation.\" >&2\n    exit 1\nfi\n# This output is used by Xcode 'outputs' to avoid re-running this script phase.\necho \"SUCCESS\" > \"${SCRIPT_OUTPUT_FILE_0}\"\n";
			showEnvVarsInLog = 0;
		};
		9FEFEC05453E02F2CF67F7D6 /* [CP] Check Pods Manifest.lock */ = {
			isa = PBXShellScriptBuildPhase;
			buildActionMask = 2147483647;
			files = (
			);
			inputFileListPaths = (
			);
			inputPaths = (
				"${PODS_PODFILE_DIR_PATH}/Podfile.lock",
				"${PODS_ROOT}/Manifest.lock",
			);
			name = "[CP] Check Pods Manifest.lock";
			outputFileListPaths = (
			);
			outputPaths = (
				"$(DERIVED_FILE_DIR)/Pods-Flix-checkManifestLockResult.txt",
			);
			runOnlyForDeploymentPostprocessing = 0;
			shellPath = /bin/sh;
			shellScript = "diff \"${PODS_PODFILE_DIR_PATH}/Podfile.lock\" \"${PODS_ROOT}/Manifest.lock\" > /dev/null\nif [ $? != 0 ] ; then\n    # print error to STDERR\n    echo \"error: The sandbox is not in sync with the Podfile.lock. Run 'pod install' or update your CocoaPods installation.\" >&2\n    exit 1\nfi\n# This output is used by Xcode 'outputs' to avoid re-running this script phase.\necho \"SUCCESS\" > \"${SCRIPT_OUTPUT_FILE_0}\"\n";
			showEnvVarsInLog = 0;
		};
/* End PBXShellScriptBuildPhase section */

/* Begin PBXSourcesBuildPhase section */
		DD20F3BE2516E56000B4D4F9 /* Sources */ = {
			isa = PBXSourcesBuildPhase;
			buildActionMask = 2147483647;
			files = (
				DDBE78B12525ED600023ABFE /* MovieTrailerViewController.swift in Sources */,
				DD207C77251FD8E200E70FA1 /* MovieDetailsViewController.swift in Sources */,
				DD20F3C62516E56000B4D4F9 /* AppDelegate.swift in Sources */,
				DD4C25622522ADB4005B677C /* MovieGridDetailsViewController.swift in Sources */,
				DD4C25502522A2CD005B677C /* MovieCell.swift in Sources */,
				DD20F3C82516E56000B4D4F9 /* SceneDelegate.swift in Sources */,
				DD20F3F62516E97F00B4D4F9 /* MoviesViewController.swift in Sources */,
				DD4C254B25229F2B005B677C /* MovieGridViewController.swift in Sources */,
				DD4C25552522A38F005B677C /* MovieGridCell.swift in Sources */,
			);
			runOnlyForDeploymentPostprocessing = 0;
		};
		DD20F3D42516E56200B4D4F9 /* Sources */ = {
			isa = PBXSourcesBuildPhase;
			buildActionMask = 2147483647;
			files = (
				DD20F3DD2516E56200B4D4F9 /* FlixTests.swift in Sources */,
			);
			runOnlyForDeploymentPostprocessing = 0;
		};
		DD20F3DF2516E56200B4D4F9 /* Sources */ = {
			isa = PBXSourcesBuildPhase;
			buildActionMask = 2147483647;
			files = (
				DD20F3E82516E56200B4D4F9 /* FlixUITests.swift in Sources */,
			);
			runOnlyForDeploymentPostprocessing = 0;
		};
/* End PBXSourcesBuildPhase section */

/* Begin PBXTargetDependency section */
		DD20F3DA2516E56200B4D4F9 /* PBXTargetDependency */ = {
			isa = PBXTargetDependency;
			target = DD20F3C12516E56000B4D4F9 /* Flix */;
			targetProxy = DD20F3D92516E56200B4D4F9 /* PBXContainerItemProxy */;
		};
		DD20F3E52516E56200B4D4F9 /* PBXTargetDependency */ = {
			isa = PBXTargetDependency;
			target = DD20F3C12516E56000B4D4F9 /* Flix */;
			targetProxy = DD20F3E42516E56200B4D4F9 /* PBXContainerItemProxy */;
		};
/* End PBXTargetDependency section */

/* Begin PBXVariantGroup section */
		DD20F3CB2516E56000B4D4F9 /* Main.storyboard */ = {
			isa = PBXVariantGroup;
			children = (
				DD20F3CC2516E56000B4D4F9 /* Base */,
			);
			name = Main.storyboard;
			sourceTree = "<group>";
		};
		DD20F3D02516E56200B4D4F9 /* LaunchScreen.storyboard */ = {
			isa = PBXVariantGroup;
			children = (
				DD20F3D12516E56200B4D4F9 /* Base */,
			);
			name = LaunchScreen.storyboard;
			sourceTree = "<group>";
		};
/* End PBXVariantGroup section */

/* Begin XCBuildConfiguration section */
		DD20F3EA2516E56200B4D4F9 /* Debug */ = {
			isa = XCBuildConfiguration;
			buildSettings = {
				ALWAYS_SEARCH_USER_PATHS = NO;
				CLANG_ANALYZER_NONNULL = YES;
				CLANG_ANALYZER_NUMBER_OBJECT_CONVERSION = YES_AGGRESSIVE;
				CLANG_CXX_LANGUAGE_STANDARD = "gnu++14";
				CLANG_CXX_LIBRARY = "libc++";
				CLANG_ENABLE_MODULES = YES;
				CLANG_ENABLE_OBJC_ARC = YES;
				CLANG_ENABLE_OBJC_WEAK = YES;
				CLANG_WARN_BLOCK_CAPTURE_AUTORELEASING = YES;
				CLANG_WARN_BOOL_CONVERSION = YES;
				CLANG_WARN_COMMA = YES;
				CLANG_WARN_CONSTANT_CONVERSION = YES;
				CLANG_WARN_DEPRECATED_OBJC_IMPLEMENTATIONS = YES;
				CLANG_WARN_DIRECT_OBJC_ISA_USAGE = YES_ERROR;
				CLANG_WARN_DOCUMENTATION_COMMENTS = YES;
				CLANG_WARN_EMPTY_BODY = YES;
				CLANG_WARN_ENUM_CONVERSION = YES;
				CLANG_WARN_INFINITE_RECURSION = YES;
				CLANG_WARN_INT_CONVERSION = YES;
				CLANG_WARN_NON_LITERAL_NULL_CONVERSION = YES;
				CLANG_WARN_OBJC_IMPLICIT_RETAIN_SELF = YES;
				CLANG_WARN_OBJC_LITERAL_CONVERSION = YES;
				CLANG_WARN_OBJC_ROOT_CLASS = YES_ERROR;
				CLANG_WARN_QUOTED_INCLUDE_IN_FRAMEWORK_HEADER = YES;
				CLANG_WARN_RANGE_LOOP_ANALYSIS = YES;
				CLANG_WARN_STRICT_PROTOTYPES = YES;
				CLANG_WARN_SUSPICIOUS_MOVE = YES;
				CLANG_WARN_UNGUARDED_AVAILABILITY = YES_AGGRESSIVE;
				CLANG_WARN_UNREACHABLE_CODE = YES;
				CLANG_WARN__DUPLICATE_METHOD_MATCH = YES;
				COPY_PHASE_STRIP = NO;
				DEBUG_INFORMATION_FORMAT = dwarf;
				ENABLE_STRICT_OBJC_MSGSEND = YES;
				ENABLE_TESTABILITY = YES;
				GCC_C_LANGUAGE_STANDARD = gnu11;
				GCC_DYNAMIC_NO_PIC = NO;
				GCC_NO_COMMON_BLOCKS = YES;
				GCC_OPTIMIZATION_LEVEL = 0;
				GCC_PREPROCESSOR_DEFINITIONS = (
					"DEBUG=1",
					"$(inherited)",
				);
				GCC_WARN_64_TO_32_BIT_CONVERSION = YES;
				GCC_WARN_ABOUT_RETURN_TYPE = YES_ERROR;
				GCC_WARN_UNDECLARED_SELECTOR = YES;
				GCC_WARN_UNINITIALIZED_AUTOS = YES_AGGRESSIVE;
				GCC_WARN_UNUSED_FUNCTION = YES;
				GCC_WARN_UNUSED_VARIABLE = YES;
				IPHONEOS_DEPLOYMENT_TARGET = 13.6;
				MTL_ENABLE_DEBUG_INFO = INCLUDE_SOURCE;
				MTL_FAST_MATH = YES;
				ONLY_ACTIVE_ARCH = YES;
				SDKROOT = iphoneos;
				SWIFT_ACTIVE_COMPILATION_CONDITIONS = DEBUG;
				SWIFT_OPTIMIZATION_LEVEL = "-Onone";
			};
			name = Debug;
		};
		DD20F3EB2516E56200B4D4F9 /* Release */ = {
			isa = XCBuildConfiguration;
			buildSettings = {
				ALWAYS_SEARCH_USER_PATHS = NO;
				CLANG_ANALYZER_NONNULL = YES;
				CLANG_ANALYZER_NUMBER_OBJECT_CONVERSION = YES_AGGRESSIVE;
				CLANG_CXX_LANGUAGE_STANDARD = "gnu++14";
				CLANG_CXX_LIBRARY = "libc++";
				CLANG_ENABLE_MODULES = YES;
				CLANG_ENABLE_OBJC_ARC = YES;
				CLANG_ENABLE_OBJC_WEAK = YES;
				CLANG_WARN_BLOCK_CAPTURE_AUTORELEASING = YES;
				CLANG_WARN_BOOL_CONVERSION = YES;
				CLANG_WARN_COMMA = YES;
				CLANG_WARN_CONSTANT_CONVERSION = YES;
				CLANG_WARN_DEPRECATED_OBJC_IMPLEMENTATIONS = YES;
				CLANG_WARN_DIRECT_OBJC_ISA_USAGE = YES_ERROR;
				CLANG_WARN_DOCUMENTATION_COMMENTS = YES;
				CLANG_WARN_EMPTY_BODY = YES;
				CLANG_WARN_ENUM_CONVERSION = YES;
				CLANG_WARN_INFINITE_RECURSION = YES;
				CLANG_WARN_INT_CONVERSION = YES;
				CLANG_WARN_NON_LITERAL_NULL_CONVERSION = YES;
				CLANG_WARN_OBJC_IMPLICIT_RETAIN_SELF = YES;
				CLANG_WARN_OBJC_LITERAL_CONVERSION = YES;
				CLANG_WARN_OBJC_ROOT_CLASS = YES_ERROR;
				CLANG_WARN_QUOTED_INCLUDE_IN_FRAMEWORK_HEADER = YES;
				CLANG_WARN_RANGE_LOOP_ANALYSIS = YES;
				CLANG_WARN_STRICT_PROTOTYPES = YES;
				CLANG_WARN_SUSPICIOUS_MOVE = YES;
				CLANG_WARN_UNGUARDED_AVAILABILITY = YES_AGGRESSIVE;
				CLANG_WARN_UNREACHABLE_CODE = YES;
				CLANG_WARN__DUPLICATE_METHOD_MATCH = YES;
				COPY_PHASE_STRIP = NO;
				DEBUG_INFORMATION_FORMAT = "dwarf-with-dsym";
				ENABLE_NS_ASSERTIONS = NO;
				ENABLE_STRICT_OBJC_MSGSEND = YES;
				GCC_C_LANGUAGE_STANDARD = gnu11;
				GCC_NO_COMMON_BLOCKS = YES;
				GCC_WARN_64_TO_32_BIT_CONVERSION = YES;
				GCC_WARN_ABOUT_RETURN_TYPE = YES_ERROR;
				GCC_WARN_UNDECLARED_SELECTOR = YES;
				GCC_WARN_UNINITIALIZED_AUTOS = YES_AGGRESSIVE;
				GCC_WARN_UNUSED_FUNCTION = YES;
				GCC_WARN_UNUSED_VARIABLE = YES;
				IPHONEOS_DEPLOYMENT_TARGET = 13.6;
				MTL_ENABLE_DEBUG_INFO = NO;
				MTL_FAST_MATH = YES;
				SDKROOT = iphoneos;
				SWIFT_COMPILATION_MODE = wholemodule;
				SWIFT_OPTIMIZATION_LEVEL = "-O";
				VALIDATE_PRODUCT = YES;
			};
			name = Release;
		};
		DD20F3ED2516E56200B4D4F9 /* Debug */ = {
			isa = XCBuildConfiguration;
			baseConfigurationReference = 2959123F300DEB49E516F10C /* Pods-Flix.debug.xcconfig */;
			buildSettings = {
				ASSETCATALOG_COMPILER_APPICON_NAME = AppIcon;
				CODE_SIGN_STYLE = Automatic;
				DEVELOPMENT_TEAM = A82CZA82GT;
				INFOPLIST_FILE = Flix/Info.plist;
				LD_RUNPATH_SEARCH_PATHS = (
					"$(inherited)",
					"@executable_path/Frameworks",
				);
				PRODUCT_BUNDLE_IDENTIFIER = dandruf.Flix;
				PRODUCT_NAME = "$(TARGET_NAME)";
				SWIFT_VERSION = 5.0;
				TARGETED_DEVICE_FAMILY = "1,2";
			};
			name = Debug;
		};
		DD20F3EE2516E56200B4D4F9 /* Release */ = {
			isa = XCBuildConfiguration;
			baseConfigurationReference = A85DB7AA5012C728AB8703F0 /* Pods-Flix.release.xcconfig */;
			buildSettings = {
				ASSETCATALOG_COMPILER_APPICON_NAME = AppIcon;
				CODE_SIGN_STYLE = Automatic;
				DEVELOPMENT_TEAM = A82CZA82GT;
				INFOPLIST_FILE = Flix/Info.plist;
				LD_RUNPATH_SEARCH_PATHS = (
					"$(inherited)",
					"@executable_path/Frameworks",
				);
				PRODUCT_BUNDLE_IDENTIFIER = dandruf.Flix;
				PRODUCT_NAME = "$(TARGET_NAME)";
				SWIFT_VERSION = 5.0;
				TARGETED_DEVICE_FAMILY = "1,2";
			};
			name = Release;
		};
		DD20F3F02516E56200B4D4F9 /* Debug */ = {
			isa = XCBuildConfiguration;
			baseConfigurationReference = 301A7F8EB5B2F9C20BAE90F8 /* Pods-FlixTests.debug.xcconfig */;
			buildSettings = {
				ALWAYS_EMBED_SWIFT_STANDARD_LIBRARIES = YES;
				BUNDLE_LOADER = "$(TEST_HOST)";
				CODE_SIGN_STYLE = Automatic;
				DEVELOPMENT_TEAM = A82CZA82GT;
				INFOPLIST_FILE = FlixTests/Info.plist;
				IPHONEOS_DEPLOYMENT_TARGET = 13.6;
				LD_RUNPATH_SEARCH_PATHS = (
					"$(inherited)",
					"@executable_path/Frameworks",
					"@loader_path/Frameworks",
				);
				PRODUCT_BUNDLE_IDENTIFIER = dandruf.FlixTests;
				PRODUCT_NAME = "$(TARGET_NAME)";
				SWIFT_VERSION = 5.0;
				TARGETED_DEVICE_FAMILY = "1,2";
				TEST_HOST = "$(BUILT_PRODUCTS_DIR)/Flix.app/Flix";
			};
			name = Debug;
		};
		DD20F3F12516E56200B4D4F9 /* Release */ = {
			isa = XCBuildConfiguration;
			baseConfigurationReference = 5EEDB028A57F411AD058E613 /* Pods-FlixTests.release.xcconfig */;
			buildSettings = {
				ALWAYS_EMBED_SWIFT_STANDARD_LIBRARIES = YES;
				BUNDLE_LOADER = "$(TEST_HOST)";
				CODE_SIGN_STYLE = Automatic;
				DEVELOPMENT_TEAM = A82CZA82GT;
				INFOPLIST_FILE = FlixTests/Info.plist;
				IPHONEOS_DEPLOYMENT_TARGET = 13.6;
				LD_RUNPATH_SEARCH_PATHS = (
					"$(inherited)",
					"@executable_path/Frameworks",
					"@loader_path/Frameworks",
				);
				PRODUCT_BUNDLE_IDENTIFIER = dandruf.FlixTests;
				PRODUCT_NAME = "$(TARGET_NAME)";
				SWIFT_VERSION = 5.0;
				TARGETED_DEVICE_FAMILY = "1,2";
				TEST_HOST = "$(BUILT_PRODUCTS_DIR)/Flix.app/Flix";
			};
			name = Release;
		};
		DD20F3F32516E56200B4D4F9 /* Debug */ = {
			isa = XCBuildConfiguration;
			baseConfigurationReference = 65339CE65007EB7E2C0F6163 /* Pods-Flix-FlixUITests.debug.xcconfig */;
			buildSettings = {
				ALWAYS_EMBED_SWIFT_STANDARD_LIBRARIES = YES;
				"CODE_SIGN_IDENTITY[sdk=macosx*]" = "-";
				CODE_SIGN_STYLE = Automatic;
				DEVELOPMENT_TEAM = A82CZA82GT;
				INFOPLIST_FILE = FlixUITests/Info.plist;
				LD_RUNPATH_SEARCH_PATHS = (
					"$(inherited)",
					"@executable_path/Frameworks",
					"@loader_path/Frameworks",
				);
				PRODUCT_BUNDLE_IDENTIFIER = dandruf.FlixUITests;
				PRODUCT_NAME = "$(TARGET_NAME)";
				SWIFT_VERSION = 5.0;
				TARGETED_DEVICE_FAMILY = "1,2";
				TEST_TARGET_NAME = Flix;
			};
			name = Debug;
		};
		DD20F3F42516E56200B4D4F9 /* Release */ = {
			isa = XCBuildConfiguration;
			baseConfigurationReference = A1E2D127B39E6E67BBB0DCD5 /* Pods-Flix-FlixUITests.release.xcconfig */;
			buildSettings = {
				ALWAYS_EMBED_SWIFT_STANDARD_LIBRARIES = YES;
				"CODE_SIGN_IDENTITY[sdk=macosx*]" = "-";
				CODE_SIGN_STYLE = Automatic;
				DEVELOPMENT_TEAM = A82CZA82GT;
				INFOPLIST_FILE = FlixUITests/Info.plist;
				LD_RUNPATH_SEARCH_PATHS = (
					"$(inherited)",
					"@executable_path/Frameworks",
					"@loader_path/Frameworks",
				);
				PRODUCT_BUNDLE_IDENTIFIER = dandruf.FlixUITests;
				PRODUCT_NAME = "$(TARGET_NAME)";
				SWIFT_VERSION = 5.0;
				TARGETED_DEVICE_FAMILY = "1,2";
				TEST_TARGET_NAME = Flix;
			};
			name = Release;
		};
/* End XCBuildConfiguration section */

/* Begin XCConfigurationList section */
		DD20F3BD2516E56000B4D4F9 /* Build configuration list for PBXProject "Flix" */ = {
			isa = XCConfigurationList;
			buildConfigurations = (
				DD20F3EA2516E56200B4D4F9 /* Debug */,
				DD20F3EB2516E56200B4D4F9 /* Release */,
			);
			defaultConfigurationIsVisible = 0;
			defaultConfigurationName = Release;
		};
		DD20F3EC2516E56200B4D4F9 /* Build configuration list for PBXNativeTarget "Flix" */ = {
			isa = XCConfigurationList;
			buildConfigurations = (
				DD20F3ED2516E56200B4D4F9 /* Debug */,
				DD20F3EE2516E56200B4D4F9 /* Release */,
			);
			defaultConfigurationIsVisible = 0;
			defaultConfigurationName = Release;
		};
		DD20F3EF2516E56200B4D4F9 /* Build configuration list for PBXNativeTarget "FlixTests" */ = {
			isa = XCConfigurationList;
			buildConfigurations = (
				DD20F3F02516E56200B4D4F9 /* Debug */,
				DD20F3F12516E56200B4D4F9 /* Release */,
			);
			defaultConfigurationIsVisible = 0;
			defaultConfigurationName = Release;
		};
		DD20F3F22516E56200B4D4F9 /* Build configuration list for PBXNativeTarget "FlixUITests" */ = {
			isa = XCConfigurationList;
			buildConfigurations = (
				DD20F3F32516E56200B4D4F9 /* Debug */,
				DD20F3F42516E56200B4D4F9 /* Release */,
			);
			defaultConfigurationIsVisible = 0;
			defaultConfigurationName = Release;
		};
/* End XCConfigurationList section */
	};
	rootObject = DD20F3BA2516E56000B4D4F9 /* Project object */;
}
